{
    "_meta": {
        "hash": {
            "sha256": "c354b66460ce021fa48242296b87f78bad58f16e50521dc4d0e36a896d0a4137"
        },
        "pipfile-spec": 6,
        "requires": {
            "python_version": "3.14"
        },
        "sources": [
            {
                "name": "pypi",
                "url": "https://pypi.org/simple",
                "verify_ssl": true
            }
        ]
    },
    "default": {
        "more-itertools": {
            "hashes": [
                "sha256:52d4362373dcf7c52546bc4af9a86ee7c4579df9a8dc268be0a2f949d376cc9b",
                "sha256:f638ddf8a1a0d134181275fb5d58b086ead7c6a72429ad725c67503f13ba30bd"
            ],
            "index": "pypi",
            "markers": "python_version >= '3.9'",
            "version": "==10.8.0"
        }
    },
    "develop": {}
}
